
Microsoft Visual Studio Solution File, Format Version 12.00
# Visual Studio Version 17
VisualStudioVersion = 17.7.34202.233
MinimumVisualStudioVersion = 10.0.40219.1
Project("{9A19103F-16F7-4668-BE54-9A1E7A4F7556}") = "FeedbackMicroSystem", "FeedbackMicroSystem\FeedbackMicroSystem.csproj", "{A7A35D3D-392E-442C-A831-EB2ADE681C10}"
EndProject
Project("{FAE04EC0-301F-11D3-BF4B-00C04F79EFBC}") = "FeedBackWhatsApp", "FeedBackWhatsApp\FeedBackWhatsApp.csproj", "{2F97BC55-FE5C-48C7-B67F-335470096000}"
EndProject
Global
	GlobalSection(SolutionConfigurationPlatforms) = preSolution
		Debug|Any CPU = Debug|Any CPU
		Release|Any CPU = Release|Any CPU
	EndGlobalSection
	GlobalSection(ProjectConfigurationPlatforms) = postSolution
		{A7A35D3D-392E-442C-A831-EB2ADE681C10}.Debug|Any CPU.ActiveCfg = Debug|Any CPU
		{A7A35D3D-392E-442C-A831-EB2ADE681C10}.Debug|Any CPU.Build.0 = Debug|Any CPU
		{A7A35D3D-392E-442C-A831-EB2ADE681C10}.Release|Any CPU.ActiveCfg = Release|Any CPU
		{A7A35D3D-392E-442C-A831-EB2ADE681C10}.Release|Any CPU.Build.0 = Release|Any CPU
		{2F97BC55-FE5C-48C7-B67F-335470096000}.Debug|Any CPU.ActiveCfg = Debug|Any CPU
		{2F97BC55-FE5C-48C7-B67F-335470096000}.Debug|Any CPU.Build.0 = Debug|Any CPU
		{2F97BC55-FE5C-48C7-B67F-335470096000}.Release|Any CPU.ActiveCfg = Release|Any CPU
		{2F97BC55-FE5C-48C7-B67F-335470096000}.Release|Any CPU.Build.0 = Release|Any CPU
	EndGlobalSection
	GlobalSection(SolutionProperties) = preSolution
		HideSolutionNode = FALSE
	EndGlobalSection
	GlobalSection(ExtensibilityGlobals) = postSolution
		SolutionGuid = {8244C4BA-80E8-49FC-8328-2786663CA13F}
	EndGlobalSection
EndGlobal
